
Microsoft Visual Studio Solution File, Format Version 12.00
# Visual Studio Version 16
VisualStudioVersion = 16.0.28803.156
MinimumVisualStudioVersion = 10.0.40219.1
Project("{9A19103F-16F7-4668-BE54-9A1E7A4F7556}") = "TwitterStream", "TwitterStream\TwitterStream.csproj", "{0C76EB90-BE21-45AB-ACB7-EE26E549DBDB}"
EndProject
Project("{9A19103F-16F7-4668-BE54-9A1E7A4F7556}") = "TwitterAccess", "TwitterAccess\TwitterAccess.csproj", "{B2066E46-E2D5-47D3-9B50-E4D8061C84B0}"
EndProject
Project("{9A19103F-16F7-4668-BE54-9A1E7A4F7556}") = "TwitterStreamAPIProvider", "TwitterStreamAPIProvider\TwitterStreamAPIProvider.csproj", "{4546DD4C-E33E-4DA0-956A-4618898D2087}"
EndProject
Global
	GlobalSection(SolutionConfigurationPlatforms) = preSolution
		Debug|Any CPU = Debug|Any CPU
		Release|Any CPU = Release|Any CPU
	EndGlobalSection
	GlobalSection(ProjectConfigurationPlatforms) = postSolution
		{0C76EB90-BE21-45AB-ACB7-EE26E549DBDB}.Debug|Any CPU.ActiveCfg = Debug|Any CPU
		{0C76EB90-BE21-45AB-ACB7-EE26E549DBDB}.Debug|Any CPU.Build.0 = Debug|Any CPU
		{0C76EB90-BE21-45AB-ACB7-EE26E549DBDB}.Release|Any CPU.ActiveCfg = Release|Any CPU
		{0C76EB90-BE21-45AB-ACB7-EE26E549DBDB}.Release|Any CPU.Build.0 = Release|Any CPU
		{B2066E46-E2D5-47D3-9B50-E4D8061C84B0}.Debug|Any CPU.ActiveCfg = Debug|Any CPU
		{B2066E46-E2D5-47D3-9B50-E4D8061C84B0}.Debug|Any CPU.Build.0 = Debug|Any CPU
		{B2066E46-E2D5-47D3-9B50-E4D8061C84B0}.Release|Any CPU.ActiveCfg = Release|Any CPU
		{B2066E46-E2D5-47D3-9B50-E4D8061C84B0}.Release|Any CPU.Build.0 = Release|Any CPU
		{4546DD4C-E33E-4DA0-956A-4618898D2087}.Debug|Any CPU.ActiveCfg = Debug|Any CPU
		{4546DD4C-E33E-4DA0-956A-4618898D2087}.Debug|Any CPU.Build.0 = Debug|Any CPU
		{4546DD4C-E33E-4DA0-956A-4618898D2087}.Release|Any CPU.ActiveCfg = Release|Any CPU
		{4546DD4C-E33E-4DA0-956A-4618898D2087}.Release|Any CPU.Build.0 = Release|Any CPU
	EndGlobalSection
	GlobalSection(SolutionProperties) = preSolution
		HideSolutionNode = FALSE
	EndGlobalSection
	GlobalSection(ExtensibilityGlobals) = postSolution
		SolutionGuid = {ED9C4EEC-F10C-4AEE-A7F2-1BBE6C931157}
	EndGlobalSection
EndGlobal
